{
  "nodes": {
    "root": {
      "inputs": {
        "trusted": "trusted"
      }
    },
    "trusted": {
      "locked": {
        "lastModified": 1678478350,
        "narHash": "sha256-OxAth0uppnijCgsgq0B3VgYwFfZ7RrrDsRmulQhvPsM=",
        "ref": "shim",
        "rev": "d53a6c00dd57535dd9824493cbc6a64bc9902768",
        "revCount": 2,
        "type": "git",
        "url": "gcrypt::ssh://git@github.com/arcnmx/kat-nixfiles-trusted.git"
      },
      "original": {
        "ref": "shim",
        "type": "git",
        "url": "gcrypt::ssh://git@github.com/arcnmx/kat-nixfiles-trusted.git"
      }
    }
  },
  "root": "root",
  "version": 7
}
