{
  "nodes": {
    "arcexprs": {
      "flake": false,
      "locked": {
        "lastModified": 1657481944,
        "narHash": "sha256-b9fAcaHvclH50zjwxCq972F7uKNEerkShjM5YFOm6RA=",
        "owner": "arcnmx",
        "repo": "nixexprs",
        "rev": "493ec79ee75efe10f06747d83e5eaca4409a4a6c",
        "type": "github"
      },
      "original": {
        "owner": "arcnmx",
        "ref": "master",
        "repo": "nixexprs",
        "type": "github"
      }
    },
    "ci": {
      "flake": false,
      "locked": {
        "lastModified": 1654122671,
        "narHash": "sha256-75xNbnJ29pWK2GbOEA9yUA6mvx5hcDWBFaSOSpv5Ob0=",
        "owner": "arcnmx",
        "repo": "ci",
        "rev": "b78a5e52a21dad03dd4ca6d46354be6da1cf727a",
        "type": "github"
      },
      "original": {
        "owner": "arcnmx",
        "ref": "nix2.4",
        "repo": "ci",
        "type": "github"
      }
    },
    "darwin": {
      "inputs": {
        "nixpkgs": [
          "nixfiles",
          "nixpkgs"
        ]
      },
      "locked": {
        "lastModified": 1651916036,
        "narHash": "sha256-UuD9keUGm4IuVEV6wdSYbuRm7CwfXE63hVkzKDjVsh4=",
        "owner": "lnl7",
        "repo": "nix-darwin",
        "rev": "2f2bdf658d2b79bada78dc914af99c53cad37cba",
        "type": "github"
      },
      "original": {
        "owner": "lnl7",
        "ref": "master",
        "repo": "nix-darwin",
        "type": "github"
      }
    },
    "doom-emacs": {
      "flake": false,
      "locked": {
        "lastModified": 1657393840,
        "narHash": "sha256-ISaIbqCNKKz9DhrTVKvDS40CzZiqICb2eDepGUdwYQA=",
        "owner": "doomemacs",
        "repo": "doomemacs",
        "rev": "33c5f3721a704c72e49efc5960be3785d1a80b81",
        "type": "github"
      },
      "original": {
        "owner": "doomemacs",
        "ref": "master",
        "repo": "doomemacs",
        "type": "github"
      }
    },
    "doom-snippets": {
      "flake": false,
      "locked": {
        "lastModified": 1655900328,
        "narHash": "sha256-fEYwFxW2sdzNK14DrS92OCGy8KDPZKewrHljnE/RlzQ=",
        "owner": "doomemacs",
        "repo": "snippets",
        "rev": "6b2bd5a77c536ed414794ecf71d37a60ebd4663e",
        "type": "github"
      },
      "original": {
        "owner": "doomemacs",
        "repo": "snippets",
        "type": "github"
      }
    },
    "emacs-overlay": {
      "flake": false,
      "locked": {
        "lastModified": 1657840190,
        "narHash": "sha256-eg4YXDAUm/6E3zcQW7vebDuWosx2opJ/EgknDTr8cQ4=",
        "owner": "nix-community",
        "repo": "emacs-overlay",
        "rev": "b51bea50371cc7a98863fb64bf1aaa1126a68a36",
        "type": "github"
      },
      "original": {
        "owner": "nix-community",
        "repo": "emacs-overlay",
        "type": "github"
      }
    },
    "emacs-so-long": {
      "flake": false,
      "locked": {
        "lastModified": 1575031854,
        "narHash": "sha256-xIa5zO0ZaToDrec1OFjBK6l39AbA4l/CE4LInVu2hi0=",
        "owner": "hlissner",
        "repo": "emacs-so-long",
        "rev": "ed666b0716f60e8988c455804de24b55919e71ca",
        "type": "github"
      },
      "original": {
        "owner": "hlissner",
        "repo": "emacs-so-long",
        "type": "github"
      }
    },
    "evil-escape": {
      "flake": false,
      "locked": {
        "lastModified": 1588439096,
        "narHash": "sha256-aB2Ge5o/93B18tPf4fN1c+O46CNh/nOqwLJbox4c8Gw=",
        "owner": "hlissner",
        "repo": "evil-escape",
        "rev": "819f1ee1cf3f69a1ae920e6004f2c0baeebbe077",
        "type": "github"
      },
      "original": {
        "owner": "hlissner",
        "repo": "evil-escape",
        "type": "github"
      }
    },
    "evil-markdown": {
      "flake": false,
      "locked": {
        "lastModified": 1626852210,
        "narHash": "sha256-HBBuZ1VWIn6kwK5CtGIvHM1+9eiNiKPH0GUsyvpUVN8=",
        "owner": "Somelauw",
        "repo": "evil-markdown",
        "rev": "8e6cc68af83914b2fa9fd3a3b8472573dbcef477",
        "type": "github"
      },
      "original": {
        "owner": "Somelauw",
        "repo": "evil-markdown",
        "type": "github"
      }
    },
    "evil-org-mode": {
      "flake": false,
      "locked": {
        "lastModified": 1607203864,
        "narHash": "sha256-JxwqVYDN6OIJEH15MVI6XOZAPtUWUhJQWHyzcrUvrFg=",
        "owner": "hlissner",
        "repo": "evil-org-mode",
        "rev": "a9706da260c45b98601bcd72b1d2c0a24a017700",
        "type": "github"
      },
      "original": {
        "owner": "hlissner",
        "repo": "evil-org-mode",
        "type": "github"
      }
    },
    "evil-quick-diff": {
      "flake": false,
      "locked": {
        "lastModified": 1575189609,
        "narHash": "sha256-oGzl1ayW9rIuq0haoiFS7RZsS8NFMdEA7K1BSozgnJU=",
        "owner": "rgrinberg",
        "repo": "evil-quick-diff",
        "rev": "69c883720b30a892c63bc89f49d4f0e8b8028908",
        "type": "github"
      },
      "original": {
        "owner": "rgrinberg",
        "repo": "evil-quick-diff",
        "type": "github"
      }
    },
    "explain-pause-mode": {
      "flake": false,
      "locked": {
        "lastModified": 1595842060,
        "narHash": "sha256-++znrjiDSx+cy4okFBBXUBkRFdtnE2x+trkmqjB3Njs=",
        "owner": "lastquestion",
        "repo": "explain-pause-mode",
        "rev": "2356c8c3639cbeeb9751744dbe737267849b4b51",
        "type": "github"
      },
      "original": {
        "owner": "lastquestion",
        "repo": "explain-pause-mode",
        "type": "github"
      }
    },
    "flake-compat": {
      "flake": false,
      "locked": {
        "lastModified": 1650374568,
        "narHash": "sha256-Z+s0J8/r907g149rllvwhb4pKi8Wam5ij0st8PwAh+E=",
        "owner": "edolstra",
        "repo": "flake-compat",
        "rev": "b4a34015c698c7793d592d66adbab377907a2be8",
        "type": "github"
      },
      "original": {
        "owner": "edolstra",
        "repo": "flake-compat",
        "type": "github"
      }
    },
    "flake-compat_2": {
      "flake": false,
      "locked": {
        "lastModified": 1650374568,
        "narHash": "sha256-Z+s0J8/r907g149rllvwhb4pKi8Wam5ij0st8PwAh+E=",
        "owner": "edolstra",
        "repo": "flake-compat",
        "rev": "b4a34015c698c7793d592d66adbab377907a2be8",
        "type": "github"
      },
      "original": {
        "owner": "edolstra",
        "repo": "flake-compat",
        "type": "github"
      }
    },
    "flake-utils": {
      "locked": {
        "lastModified": 1656928814,
        "narHash": "sha256-RIFfgBuKz6Hp89yRr7+NR5tzIAbn52h8vT6vXkYjZoM=",
        "owner": "numtide",
        "repo": "flake-utils",
        "rev": "7e2a3b3dfd9af950a856d66b0a7d01e3c18aa249",
        "type": "github"
      },
      "original": {
        "owner": "numtide",
        "repo": "flake-utils",
        "type": "github"
      }
    },
    "format-all": {
      "flake": false,
      "locked": {
        "lastModified": 1581716637,
        "narHash": "sha256-ul7LCe60W8TIvUmUtZtZRo8489TK9iTPDsLHmzxY57M=",
        "owner": "lassik",
        "repo": "emacs-format-all-the-code",
        "rev": "47d862d40a088ca089c92cd393c6dca4628f87d3",
        "type": "github"
      },
      "original": {
        "owner": "lassik",
        "repo": "emacs-format-all-the-code",
        "rev": "47d862d40a088ca089c92cd393c6dca4628f87d3",
        "type": "github"
      }
    },
    "home-manager": {
      "inputs": {
        "nixpkgs": [
          "nixfiles",
          "nixpkgs"
        ]
      },
      "locked": {
        "lastModified": 1649980189,
        "narHash": "sha256-55dgKGs7W8eC3s9GYewll9y4IlP/KAlSinjQwshNpxM=",
        "owner": "kittywitch",
        "repo": "home-manager",
        "rev": "c591c34311923598fc0092ed06da6e4a515354d7",
        "type": "github"
      },
      "original": {
        "owner": "kittywitch",
        "ref": "master",
        "repo": "home-manager",
        "type": "github"
      }
    },
    "nix-dns": {
      "inputs": {
        "flake-utils": [
          "nixfiles",
          "flake-utils"
        ],
        "nixpkgs": [
          "nixfiles",
          "nixpkgs"
        ]
      },
      "locked": {
        "lastModified": 1635273082,
        "narHash": "sha256-EHiDP2jEa7Ai5ZwIf5uld9RVFcV77+2SUxjQXwJsJa0=",
        "owner": "kirelagin",
        "repo": "nix-dns",
        "rev": "c7b9645da9c0ddce4f9de4ef27ec01bb8108039a",
        "type": "github"
      },
      "original": {
        "owner": "kirelagin",
        "ref": "master",
        "repo": "nix-dns",
        "type": "github"
      }
    },
    "nix-doom-emacs": {
      "inputs": {
        "doom-emacs": "doom-emacs",
        "doom-snippets": "doom-snippets",
        "emacs-overlay": "emacs-overlay",
        "emacs-so-long": "emacs-so-long",
        "evil-escape": "evil-escape",
        "evil-markdown": "evil-markdown",
        "evil-org-mode": "evil-org-mode",
        "evil-quick-diff": "evil-quick-diff",
        "explain-pause-mode": "explain-pause-mode",
        "flake-compat": "flake-compat_2",
        "flake-utils": [
          "nixfiles",
          "flake-utils"
        ],
        "format-all": "format-all",
        "nix-straight": "nix-straight",
        "nixpkgs": [
          "nixfiles",
          "nixpkgs"
        ],
        "nose": "nose",
        "ob-racket": "ob-racket",
        "org": "org",
        "org-contrib": "org-contrib",
        "org-yt": "org-yt",
        "php-extras": "php-extras",
        "revealjs": "revealjs",
        "rotate-text": "rotate-text",
        "sln-mode": "sln-mode",
        "ts-fold": "ts-fold",
        "ws-butler": "ws-butler"
      },
      "locked": {
        "lastModified": 1657850811,
        "narHash": "sha256-UeeaT2If2wixWzjRj31QM55lpt5Eq+PM+ZeXYK0Zq0Y=",
        "owner": "nix-community",
        "repo": "nix-doom-emacs",
        "rev": "7c35a9d90e1c07254c0926fc02e2c27bd0d5d9cc",
        "type": "github"
      },
      "original": {
        "owner": "nix-community",
        "repo": "nix-doom-emacs",
        "type": "github"
      }
    },
    "nix-straight": {
      "flake": false,
      "locked": {
        "lastModified": 1656684255,
        "narHash": "sha256-ZefQiv4Ipu2VkLjs1oyelTLU7kBVJgkcQd+yBpJU0yo=",
        "owner": "nix-community",
        "repo": "nix-straight.el",
        "rev": "fb8dd5c44cde70abd13380766e40af7a63888942",
        "type": "github"
      },
      "original": {
        "owner": "nix-community",
        "repo": "nix-straight.el",
        "type": "github"
      }
    },
    "nixfiles": {
      "inputs": {
        "arcexprs": "arcexprs",
        "ci": "ci",
        "darwin": "darwin",
        "flake-compat": "flake-compat",
        "flake-utils": "flake-utils",
        "home-manager": "home-manager",
        "nix-dns": "nix-dns",
        "nix-doom-emacs": "nix-doom-emacs",
        "nixpkgs": "nixpkgs",
        "nur": "nur",
        "tf-nix": "tf-nix",
        "trusted": [
          "trusted"
        ]
      },
      "locked": {
        "lastModified": 1658858203,
        "narHash": "sha256-swzDI7Ryhnj35E4JjNB4OhGgtIuehh1bay1ZHVODA6s=",
        "owner": "kittywitch",
        "repo": "nixfiles",
        "rev": "d10b95e21a6beee38705042b040467fc41b15992",
        "type": "github"
      },
      "original": {
        "owner": "kittywitch",
        "repo": "nixfiles",
        "type": "github"
      }
    },
    "nixpkgs": {
      "locked": {
        "lastModified": 1657447684,
        "narHash": "sha256-FCP9AuU1q6PE3vOeM5SFf58f/UKPBAsoSGDUGamNBbo=",
        "owner": "nixos",
        "repo": "nixpkgs",
        "rev": "5f43d8b088d3771274bcfb69d3c7435b1121ac88",
        "type": "github"
      },
      "original": {
        "owner": "nixos",
        "ref": "nixos-unstable",
        "repo": "nixpkgs",
        "type": "github"
      }
    },
    "nose": {
      "flake": false,
      "locked": {
        "lastModified": 1400604510,
        "narHash": "sha256-daEi8Kta1oGaDEmUUDDQMahTTPOpvNpDKk22rlr7cB0=",
        "owner": "emacsattic",
        "repo": "nose",
        "rev": "f8528297519eba911696c4e68fa88892de9a7b72",
        "type": "github"
      },
      "original": {
        "owner": "emacsattic",
        "repo": "nose",
        "type": "github"
      }
    },
    "nur": {
      "locked": {
        "lastModified": 1657535550,
        "narHash": "sha256-8WwxmlXe6o1Ob8rQan8R1H1NKSNaxqRuIuIU5RVhyd4=",
        "owner": "nix-community",
        "repo": "nur",
        "rev": "f0faa262c28384df0c00ec2c64e8031c4fbd0a61",
        "type": "github"
      },
      "original": {
        "owner": "nix-community",
        "ref": "master",
        "repo": "nur",
        "type": "github"
      }
    },
    "ob-racket": {
      "flake": false,
      "locked": {
        "lastModified": 1584656173,
        "narHash": "sha256-rBUYDDCXb+3D4xTPQo9UocbTPZ32kWV1Uya/1DmZknU=",
        "owner": "xchrishawk",
        "repo": "ob-racket",
        "rev": "83457ec9e1e96a29fd2086ed19432b9d75787673",
        "type": "github"
      },
      "original": {
        "owner": "xchrishawk",
        "repo": "ob-racket",
        "type": "github"
      }
    },
    "org": {
      "flake": false,
      "locked": {
        "lastModified": 1657805672,
        "narHash": "sha256-AtB0epI4wGsY/kesgX/OshHYYY0uZJq4oTFO8wSWDlU=",
        "owner": "emacs-straight",
        "repo": "org-mode",
        "rev": "d9479887226ad79a1a8de739e7be0fc1fffec536",
        "type": "github"
      },
      "original": {
        "owner": "emacs-straight",
        "repo": "org-mode",
        "type": "github"
      }
    },
    "org-contrib": {
      "flake": false,
      "locked": {
        "lastModified": 1652646857,
        "narHash": "sha256-IWIShWyVnbwXqGLQaDNvJ0KoepxhIrXWTjPyGPEkQ14=",
        "owner": "emacsmirror",
        "repo": "org-contrib",
        "rev": "c1e0980fd7a57ca2042fd78acfb1dfb5c3bc03fa",
        "type": "github"
      },
      "original": {
        "owner": "emacsmirror",
        "repo": "org-contrib",
        "type": "github"
      }
    },
    "org-yt": {
      "flake": false,
      "locked": {
        "lastModified": 1527381913,
        "narHash": "sha256-dzQ6B7ryzatHCTLyEnRSbWO0VUiX/FHYnpHTs74aVUs=",
        "owner": "TobiasZawada",
        "repo": "org-yt",
        "rev": "40cc1ac76d741055cbefa13860d9f070a7ade001",
        "type": "github"
      },
      "original": {
        "owner": "TobiasZawada",
        "repo": "org-yt",
        "type": "github"
      }
    },
    "php-extras": {
      "flake": false,
      "locked": {
        "lastModified": 1573312690,
        "narHash": "sha256-r4WyVbzvT0ra4Z6JywNBOw5RxOEYd6Qe2IpebHXkj1U=",
        "owner": "arnested",
        "repo": "php-extras",
        "rev": "d410c5af663c30c01d461ac476d1cbfbacb49367",
        "type": "github"
      },
      "original": {
        "owner": "arnested",
        "repo": "php-extras",
        "type": "github"
      }
    },
    "revealjs": {
      "flake": false,
      "locked": {
        "lastModified": 1653993278,
        "narHash": "sha256-X43lsjoLBWmttIKj9Jzut0UP0dZlsue3fYbJ3++ojbU=",
        "owner": "hakimel",
        "repo": "reveal.js",
        "rev": "039972c730690af7a83a5cb832056a7cc8b565d7",
        "type": "github"
      },
      "original": {
        "owner": "hakimel",
        "repo": "reveal.js",
        "type": "github"
      }
    },
    "root": {
      "inputs": {
        "nixfiles": "nixfiles",
        "trusted": "trusted"
      }
    },
    "rotate-text": {
      "flake": false,
      "locked": {
        "lastModified": 1322962747,
        "narHash": "sha256-SOeOgSlcEIsKhUiYDJv0p+mLUb420s9E2BmvZQvZ0wk=",
        "owner": "debug-ito",
        "repo": "rotate-text.el",
        "rev": "48f193697db996855aee1ad2bc99b38c6646fe76",
        "type": "github"
      },
      "original": {
        "owner": "debug-ito",
        "repo": "rotate-text.el",
        "type": "github"
      }
    },
    "sln-mode": {
      "flake": false,
      "locked": {
        "lastModified": 1423727528,
        "narHash": "sha256-XqkqPyEJuTtFslOz1fpTf/Klbd/zA7IGpzpmum/MGao=",
        "owner": "sensorflo",
        "repo": "sln-mode",
        "rev": "0f91d1b957c7d2a7bab9278ec57b54d57f1dbd9c",
        "type": "github"
      },
      "original": {
        "owner": "sensorflo",
        "repo": "sln-mode",
        "type": "github"
      }
    },
    "tf-nix": {
      "flake": false,
      "locked": {
        "lastModified": 1657549622,
        "narHash": "sha256-gIoMfy8Roq4hh2BBL3Hd8Z+FsPtC4bGAcS/yttuahwg=",
        "owner": "arcnmx",
        "repo": "tf-nix",
        "rev": "c99cf454785d57cb430ae09c3327a0b619e2eed1",
        "type": "github"
      },
      "original": {
        "owner": "arcnmx",
        "ref": "master",
        "repo": "tf-nix",
        "type": "github"
      }
    },
    "trusted": {
      "flake": false,
      "locked": {
        "lastModified": 1657482041,
        "narHash": "sha256-AEC0DO586Xq5NcYwyEBAosFj5VRSwLSPZCH5v5ri11s=",
        "ref": "main",
        "rev": "76779729b344d8427f05d9e78c76a19daa7cc2a8",
        "revCount": 92,
        "type": "git",
        "url": "ssh://git@github.com/kittywitch/nixfiles-trusted"
      },
      "original": {
        "ref": "main",
        "type": "git",
        "url": "ssh://git@github.com/kittywitch/nixfiles-trusted"
      }
    },
    "ts-fold": {
      "flake": false,
      "locked": {
        "lastModified": 1657604837,
        "narHash": "sha256-ztIkLW/CGh5cOfL9VrbP4N055aXKU0uraipeTFTYFM0=",
        "owner": "jcs-elpa",
        "repo": "ts-fold",
        "rev": "33e3fb561e71cf0ab83833d45c55909583fc3899",
        "type": "github"
      },
      "original": {
        "owner": "jcs-elpa",
        "repo": "ts-fold",
        "type": "github"
      }
    },
    "ws-butler": {
      "flake": false,
      "locked": {
        "lastModified": 1634511126,
        "narHash": "sha256-c0y0ZPtxxICPk+eaNbbQf6t+FRCliNY54CCz9QHQ8ZI=",
        "owner": "hlissner",
        "repo": "ws-butler",
        "rev": "572a10c11b6cb88293de48acbb59a059d36f9ba5",
        "type": "github"
      },
      "original": {
        "owner": "hlissner",
        "repo": "ws-butler",
        "type": "github"
      }
    }
  },
  "root": "root",
  "version": 7
}
