{
  "nodes": {
    "root": {
      "inputs": {
        "trusted": "trusted"
      }
    },
    "trusted": {
      "locked": {
        "lastModified": 1678569470,
        "narHash": "sha256-wMOp8sBd4Wgh1ITgMRPkUdGvf0B1G9LlKuhN+bcnbxg=",
        "ref": "shim",
        "rev": "b9c0310cab3d85a477e886201e09b6e565d944e6",
        "revCount": 3,
        "type": "git",
        "url": "gcrypt::ssh://git@github.com/arcnmx/kat-nixfiles-trusted.git"
      },
      "original": {
        "ref": "shim",
        "type": "git",
        "url": "gcrypt::ssh://git@github.com/arcnmx/kat-nixfiles-trusted.git"
      }
    }
  },
  "root": "root",
  "version": 7
}
